
Microsoft Visual Studio Solution File, Format Version 12.00
# Visual Studio Version 17
VisualStudioVersion = 17.9.34616.47
MinimumVisualStudioVersion = 10.0.40219.1
Project("{8BC9CEB8-8B4A-11D0-8D11-00A0C91BC942}") = "ParadigmaOOP1", "ParadigmaOOP1\ParadigmaOOP1.vcxproj", "{1517326D-17E2-4CB1-96B6-5008E2D19562}"
EndProject
Project("{8BC9CEB8-8B4A-11D0-8D11-00A0C91BC942}") = "PertemuanKeduaBelas_2", "PertemuanKeduaBelas_2\PertemuanKeduaBelas_2.vcxproj", "{9BD0FFF6-866B-4946-9AA4-7B7A7F45B8F5}"
EndProject
Global
	GlobalSection(SolutionConfigurationPlatforms) = preSolution
		Debug|x64 = Debug|x64
		Debug|x86 = Debug|x86
		Release|x64 = Release|x64
		Release|x86 = Release|x86
	EndGlobalSection
	GlobalSection(ProjectConfigurationPlatforms) = postSolution
		{1517326D-17E2-4CB1-96B6-5008E2D19562}.Debug|x64.ActiveCfg = Debug|x64
		{1517326D-17E2-4CB1-96B6-5008E2D19562}.Debug|x64.Build.0 = Debug|x64
		{1517326D-17E2-4CB1-96B6-5008E2D19562}.Debug|x86.ActiveCfg = Debug|Win32
		{1517326D-17E2-4CB1-96B6-5008E2D19562}.Debug|x86.Build.0 = Debug|Win32
		{1517326D-17E2-4CB1-96B6-5008E2D19562}.Release|x64.ActiveCfg = Release|x64
		{1517326D-17E2-4CB1-96B6-5008E2D19562}.Release|x64.Build.0 = Release|x64
		{1517326D-17E2-4CB1-96B6-5008E2D19562}.Release|x86.ActiveCfg = Release|Win32
		{1517326D-17E2-4CB1-96B6-5008E2D19562}.Release|x86.Build.0 = Release|Win32
		{9BD0FFF6-866B-4946-9AA4-7B7A7F45B8F5}.Debug|x64.ActiveCfg = Debug|x64
		{9BD0FFF6-866B-4946-9AA4-7B7A7F45B8F5}.Debug|x64.Build.0 = Debug|x64
		{9BD0FFF6-866B-4946-9AA4-7B7A7F45B8F5}.Debug|x86.ActiveCfg = Debug|Win32
		{9BD0FFF6-866B-4946-9AA4-7B7A7F45B8F5}.Debug|x86.Build.0 = Debug|Win32
		{9BD0FFF6-866B-4946-9AA4-7B7A7F45B8F5}.Release|x64.ActiveCfg = Release|x64
		{9BD0FFF6-866B-4946-9AA4-7B7A7F45B8F5}.Release|x64.Build.0 = Release|x64
		{9BD0FFF6-866B-4946-9AA4-7B7A7F45B8F5}.Release|x86.ActiveCfg = Release|Win32
		{9BD0FFF6-866B-4946-9AA4-7B7A7F45B8F5}.Release|x86.Build.0 = Release|Win32
	EndGlobalSection
	GlobalSection(SolutionProperties) = preSolution
		HideSolutionNode = FALSE
	EndGlobalSection
	GlobalSection(ExtensibilityGlobals) = postSolution
		SolutionGuid = {6865CBD8-8F56-4CC8-803D-1BF7427207DC}
	EndGlobalSection
EndGlobal
